
Microsoft Visual Studio Solution File, Format Version 11.00
# Visual Studio 2010
Project("{FAE04EC0-301F-11D3-BF4B-00C04F79EFBC}") = "MedicalConferenceSystem.UI", "MedicalConferenceSystem.UI\MedicalConferenceSystem.UI.csproj", "{E18C53C3-4447-4FBD-9A37-8CFC6BA660FF}"
EndProject
Project("{FAE04EC0-301F-11D3-BF4B-00C04F79EFBC}") = "ManipulationModeDemo", "ManipulationModeDemo\ManipulationModeDemo.csproj", "{0A5E8AE2-F7AC-40E9-806C-E39BFA6D83A6}"
EndProject
Project("{FAE04EC0-301F-11D3-BF4B-00C04F79EFBC}") = "ManipulationPivotDemo", "ManipulationPivotDemo\ManipulationPivotDemo.csproj", "{BC40604A-ECCE-406C-84DD-FE1182472C02}"
EndProject
Project("{FAE04EC0-301F-11D3-BF4B-00C04F79EFBC}") = "SimpleManipulationDemo", "SimpleManipulationDemo\SimpleManipulationDemo.csproj", "{8EC872AB-33A2-4E56-AFE8-6C7D9E3F5A31}"
EndProject
Global
	GlobalSection(SolutionConfigurationPlatforms) = preSolution
		Debug|x86 = Debug|x86
		Release|x86 = Release|x86
	EndGlobalSection
	GlobalSection(ProjectConfigurationPlatforms) = postSolution
		{E18C53C3-4447-4FBD-9A37-8CFC6BA660FF}.Debug|x86.ActiveCfg = Debug|x86
		{E18C53C3-4447-4FBD-9A37-8CFC6BA660FF}.Debug|x86.Build.0 = Debug|x86
		{E18C53C3-4447-4FBD-9A37-8CFC6BA660FF}.Release|x86.ActiveCfg = Release|x86
		{E18C53C3-4447-4FBD-9A37-8CFC6BA660FF}.Release|x86.Build.0 = Release|x86
		{0A5E8AE2-F7AC-40E9-806C-E39BFA6D83A6}.Debug|x86.ActiveCfg = Debug|x86
		{0A5E8AE2-F7AC-40E9-806C-E39BFA6D83A6}.Debug|x86.Build.0 = Debug|x86
		{0A5E8AE2-F7AC-40E9-806C-E39BFA6D83A6}.Release|x86.ActiveCfg = Release|x86
		{0A5E8AE2-F7AC-40E9-806C-E39BFA6D83A6}.Release|x86.Build.0 = Release|x86
		{BC40604A-ECCE-406C-84DD-FE1182472C02}.Debug|x86.ActiveCfg = Debug|x86
		{BC40604A-ECCE-406C-84DD-FE1182472C02}.Debug|x86.Build.0 = Debug|x86
		{BC40604A-ECCE-406C-84DD-FE1182472C02}.Release|x86.ActiveCfg = Release|x86
		{BC40604A-ECCE-406C-84DD-FE1182472C02}.Release|x86.Build.0 = Release|x86
		{8EC872AB-33A2-4E56-AFE8-6C7D9E3F5A31}.Debug|x86.ActiveCfg = Debug|x86
		{8EC872AB-33A2-4E56-AFE8-6C7D9E3F5A31}.Debug|x86.Build.0 = Debug|x86
		{8EC872AB-33A2-4E56-AFE8-6C7D9E3F5A31}.Release|x86.ActiveCfg = Release|x86
		{8EC872AB-33A2-4E56-AFE8-6C7D9E3F5A31}.Release|x86.Build.0 = Release|x86
	EndGlobalSection
	GlobalSection(SolutionProperties) = preSolution
		HideSolutionNode = FALSE
	EndGlobalSection
EndGlobal
